// !$*UTF8*$!
{
	archiveVersion = 1;
	classes = {
	};
	objectVersion = 51;
	objects = {

/* Begin PBXBuildFile section */
		AC59B52624A661DD00369F36 /* AppDelegate.swift in Sources */ = {isa = PBXBuildFile; fileRef = AC59B52524A661DD00369F36 /* AppDelegate.swift */; };
		AC59B52824A661DD00369F36 /* GameScene.sks in Resources */ = {isa = PBXBuildFile; fileRef = AC59B52724A661DD00369F36 /* GameScene.sks */; };
		AC59B52A24A661DD00369F36 /* Actions.sks in Resources */ = {isa = PBXBuildFile; fileRef = AC59B52924A661DD00369F36 /* Actions.sks */; };
		AC59B52C24A661DD00369F36 /* GameScene.swift in Sources */ = {isa = PBXBuildFile; fileRef = AC59B52B24A661DD00369F36 /* GameScene.swift */; };
		AC59B52E24A661DD00369F36 /* GameViewController.swift in Sources */ = {isa = PBXBuildFile; fileRef = AC59B52D24A661DD00369F36 /* GameViewController.swift */; };
		AC59B53124A661DD00369F36 /* Main.storyboard in Resources */ = {isa = PBXBuildFile; fileRef = AC59B52F24A661DD00369F36 /* Main.storyboard */; };
		AC59B53324A661E000369F36 /* Assets.xcassets in Resources */ = {isa = PBXBuildFile; fileRef = AC59B53224A661E000369F36 /* Assets.xcassets */; };
		AC59B53624A661E000369F36 /* LaunchScreen.storyboard in Resources */ = {isa = PBXBuildFile; fileRef = AC59B53424A661E000369F36 /* LaunchScreen.storyboard */; };
		AC59B54124A661E000369F36 /* Flappy_CoronaTests.swift in Sources */ = {isa = PBXBuildFile; fileRef = AC59B54024A661E000369F36 /* Flappy_CoronaTests.swift */; };
		AC59B54C24A661E000369F36 /* Flappy_CoronaUITests.swift in Sources */ = {isa = PBXBuildFile; fileRef = AC59B54B24A661E000369F36 /* Flappy_CoronaUITests.swift */; };
		ACBCD5B624A6F06F0082A3B6 /* pass.wav in Resources */ = {isa = PBXBuildFile; fileRef = ACBCD5B324A6F06F0082A3B6 /* pass.wav */; };
		ACBCD5B724A6F06F0082A3B6 /* flap.wav in Resources */ = {isa = PBXBuildFile; fileRef = ACBCD5B424A6F06F0082A3B6 /* flap.wav */; };
		ACBCD5B824A6F06F0082A3B6 /* death.wav in Resources */ = {isa = PBXBuildFile; fileRef = ACBCD5B524A6F06F0082A3B6 /* death.wav */; };
		AD10E48EFFF1D7718D90F349 /* Pods_Flappy_Corona.framework in Frameworks */ = {isa = PBXBuildFile; fileRef = DA6D9A79017E8D92005A0893 /* Pods_Flappy_Corona.framework */; };
		B11300437FF252E715558575 /* Pods_Flappy_CoronaTests.framework in Frameworks */ = {isa = PBXBuildFile; fileRef = E7528D0CE34E1CAF472BCE6E /* Pods_Flappy_CoronaTests.framework */; };
		EE556911DA06B4AC9E63E42A /* Pods_Flappy_Corona_Flappy_CoronaUITests.framework in Frameworks */ = {isa = PBXBuildFile; fileRef = 6FEFA5E38F7B17ECBED3F730 /* Pods_Flappy_Corona_Flappy_CoronaUITests.framework */; };
/* End PBXBuildFile section */

/* Begin PBXContainerItemProxy section */
		AC59B53D24A661E000369F36 /* PBXContainerItemProxy */ = {
			isa = PBXContainerItemProxy;
			containerPortal = AC59B51A24A661DD00369F36 /* Project object */;
			proxyType = 1;
			remoteGlobalIDString = AC59B52124A661DD00369F36;
			remoteInfo = "Flappy Corona";
		};
		AC59B54824A661E000369F36 /* PBXContainerItemProxy */ = {
			isa = PBXContainerItemProxy;
			containerPortal = AC59B51A24A661DD00369F36 /* Project object */;
			proxyType = 1;
			remoteGlobalIDString = AC59B52124A661DD00369F36;
			remoteInfo = "Flappy Corona";
		};
/* End PBXContainerItemProxy section */

/* Begin PBXFileReference section */
		1319E4C52EB1516B52AD5AE9 /* Pods-Flappy Corona.debug.xcconfig */ = {isa = PBXFileReference; includeInIndex = 1; lastKnownFileType = text.xcconfig; name = "Pods-Flappy Corona.debug.xcconfig"; path = "Target Support Files/Pods-Flappy Corona/Pods-Flappy Corona.debug.xcconfig"; sourceTree = "<group>"; };
		3DD79C3D246594014A32778E /* Pods-Flappy CoronaTests.debug.xcconfig */ = {isa = PBXFileReference; includeInIndex = 1; lastKnownFileType = text.xcconfig; name = "Pods-Flappy CoronaTests.debug.xcconfig"; path = "Target Support Files/Pods-Flappy CoronaTests/Pods-Flappy CoronaTests.debug.xcconfig"; sourceTree = "<group>"; };
		443DF3B8538C385F2ABA9FBA /* Pods-Flappy CoronaTests.release.xcconfig */ = {isa = PBXFileReference; includeInIndex = 1; lastKnownFileType = text.xcconfig; name = "Pods-Flappy CoronaTests.release.xcconfig"; path = "Target Support Files/Pods-Flappy CoronaTests/Pods-Flappy CoronaTests.release.xcconfig"; sourceTree = "<group>"; };
		5A7C2F8B6E677F04F6D893AC /* Pods-Flappy Corona-Flappy CoronaUITests.debug.xcconfig */ = {isa = PBXFileReference; includeInIndex = 1; lastKnownFileType = text.xcconfig; name = "Pods-Flappy Corona-Flappy CoronaUITests.debug.xcconfig"; path = "Target Support Files/Pods-Flappy Corona-Flappy CoronaUITests/Pods-Flappy Corona-Flappy CoronaUITests.debug.xcconfig"; sourceTree = "<group>"; };
		6FEFA5E38F7B17ECBED3F730 /* Pods_Flappy_Corona_Flappy_CoronaUITests.framework */ = {isa = PBXFileReference; explicitFileType = wrapper.framework; includeInIndex = 0; path = Pods_Flappy_Corona_Flappy_CoronaUITests.framework; sourceTree = BUILT_PRODUCTS_DIR; };
		931C416C3AC2D92217E849FE /* Pods-Flappy Corona.release.xcconfig */ = {isa = PBXFileReference; includeInIndex = 1; lastKnownFileType = text.xcconfig; name = "Pods-Flappy Corona.release.xcconfig"; path = "Target Support Files/Pods-Flappy Corona/Pods-Flappy Corona.release.xcconfig"; sourceTree = "<group>"; };
		AC59B52224A661DD00369F36 /* Syringe Jump.app */ = {isa = PBXFileReference; explicitFileType = wrapper.application; includeInIndex = 0; path = "Syringe Jump.app"; sourceTree = BUILT_PRODUCTS_DIR; };
		AC59B52524A661DD00369F36 /* AppDelegate.swift */ = {isa = PBXFileReference; lastKnownFileType = sourcecode.swift; path = AppDelegate.swift; sourceTree = "<group>"; };
		AC59B52724A661DD00369F36 /* GameScene.sks */ = {isa = PBXFileReference; lastKnownFileType = file.sks; path = GameScene.sks; sourceTree = "<group>"; };
		AC59B52924A661DD00369F36 /* Actions.sks */ = {isa = PBXFileReference; lastKnownFileType = file.sks; path = Actions.sks; sourceTree = "<group>"; };
		AC59B52B24A661DD00369F36 /* GameScene.swift */ = {isa = PBXFileReference; lastKnownFileType = sourcecode.swift; path = GameScene.swift; sourceTree = "<group>"; };
		AC59B52D24A661DD00369F36 /* GameViewController.swift */ = {isa = PBXFileReference; lastKnownFileType = sourcecode.swift; path = GameViewController.swift; sourceTree = "<group>"; };
		AC59B53024A661DD00369F36 /* Base */ = {isa = PBXFileReference; lastKnownFileType = file.storyboard; name = Base; path = Base.lproj/Main.storyboard; sourceTree = "<group>"; };
		AC59B53224A661E000369F36 /* Assets.xcassets */ = {isa = PBXFileReference; lastKnownFileType = folder.assetcatalog; path = Assets.xcassets; sourceTree = "<group>"; };
		AC59B53524A661E000369F36 /* Base */ = {isa = PBXFileReference; lastKnownFileType = file.storyboard; name = Base; path = Base.lproj/LaunchScreen.storyboard; sourceTree = "<group>"; };
		AC59B53724A661E000369F36 /* Info.plist */ = {isa = PBXFileReference; lastKnownFileType = text.plist.xml; path = Info.plist; sourceTree = "<group>"; };
		AC59B53C24A661E000369F36 /* Syringe JumpTests.xctest */ = {isa = PBXFileReference; explicitFileType = wrapper.cfbundle; includeInIndex = 0; path = "Syringe JumpTests.xctest"; sourceTree = BUILT_PRODUCTS_DIR; };
		AC59B54024A661E000369F36 /* Flappy_CoronaTests.swift */ = {isa = PBXFileReference; lastKnownFileType = sourcecode.swift; path = Flappy_CoronaTests.swift; sourceTree = "<group>"; };
		AC59B54224A661E000369F36 /* Info.plist */ = {isa = PBXFileReference; lastKnownFileType = text.plist.xml; path = Info.plist; sourceTree = "<group>"; };
		AC59B54724A661E000369F36 /* Syringe JumpUITests.xctest */ = {isa = PBXFileReference; explicitFileType = wrapper.cfbundle; includeInIndex = 0; path = "Syringe JumpUITests.xctest"; sourceTree = BUILT_PRODUCTS_DIR; };
		AC59B54B24A661E000369F36 /* Flappy_CoronaUITests.swift */ = {isa = PBXFileReference; lastKnownFileType = sourcecode.swift; path = Flappy_CoronaUITests.swift; sourceTree = "<group>"; };
		AC59B54D24A661E000369F36 /* Info.plist */ = {isa = PBXFileReference; lastKnownFileType = text.plist.xml; path = Info.plist; sourceTree = "<group>"; };
		ACBCD5B324A6F06F0082A3B6 /* pass.wav */ = {isa = PBXFileReference; lastKnownFileType = audio.wav; name = pass.wav; path = ../../../pass.wav; sourceTree = "<group>"; };
		ACBCD5B424A6F06F0082A3B6 /* flap.wav */ = {isa = PBXFileReference; lastKnownFileType = audio.wav; name = flap.wav; path = ../../../flap.wav; sourceTree = "<group>"; };
		ACBCD5B524A6F06F0082A3B6 /* death.wav */ = {isa = PBXFileReference; lastKnownFileType = audio.wav; name = death.wav; path = ../../../death.wav; sourceTree = "<group>"; };
		B3E6FB4C876A0C98F072DEFB /* Pods-Flappy Corona-Flappy CoronaUITests.release.xcconfig */ = {isa = PBXFileReference; includeInIndex = 1; lastKnownFileType = text.xcconfig; name = "Pods-Flappy Corona-Flappy CoronaUITests.release.xcconfig"; path = "Target Support Files/Pods-Flappy Corona-Flappy CoronaUITests/Pods-Flappy Corona-Flappy CoronaUITests.release.xcconfig"; sourceTree = "<group>"; };
		DA6D9A79017E8D92005A0893 /* Pods_Flappy_Corona.framework */ = {isa = PBXFileReference; explicitFileType = wrapper.framework; includeInIndex = 0; path = Pods_Flappy_Corona.framework; sourceTree = BUILT_PRODUCTS_DIR; };
		E7528D0CE34E1CAF472BCE6E /* Pods_Flappy_CoronaTests.framework */ = {isa = PBXFileReference; explicitFileType = wrapper.framework; includeInIndex = 0; path = Pods_Flappy_CoronaTests.framework; sourceTree = BUILT_PRODUCTS_DIR; };
/* End PBXFileReference section */

/* Begin PBXFrameworksBuildPhase section */
		AC59B51F24A661DD00369F36 /* Frameworks */ = {
			isa = PBXFrameworksBuildPhase;
			buildActionMask = 2147483647;
			files = (
				AD10E48EFFF1D7718D90F349 /* Pods_Flappy_Corona.framework in Frameworks */,
			);
			runOnlyForDeploymentPostprocessing = 0;
		};
		AC59B53924A661E000369F36 /* Frameworks */ = {
			isa = PBXFrameworksBuildPhase;
			buildActionMask = 2147483647;
			files = (
				B11300437FF252E715558575 /* Pods_Flappy_CoronaTests.framework in Frameworks */,
			);
			runOnlyForDeploymentPostprocessing = 0;
		};
		AC59B54424A661E000369F36 /* Frameworks */ = {
			isa = PBXFrameworksBuildPhase;
			buildActionMask = 2147483647;
			files = (
				EE556911DA06B4AC9E63E42A /* Pods_Flappy_Corona_Flappy_CoronaUITests.framework in Frameworks */,
			);
			runOnlyForDeploymentPostprocessing = 0;
		};
/* End PBXFrameworksBuildPhase section */

/* Begin PBXGroup section */
		0B91989F66E1336CD3C15313 /* Pods */ = {
			isa = PBXGroup;
			children = (
				1319E4C52EB1516B52AD5AE9 /* Pods-Flappy Corona.debug.xcconfig */,
				931C416C3AC2D92217E849FE /* Pods-Flappy Corona.release.xcconfig */,
				5A7C2F8B6E677F04F6D893AC /* Pods-Flappy Corona-Flappy CoronaUITests.debug.xcconfig */,
				B3E6FB4C876A0C98F072DEFB /* Pods-Flappy Corona-Flappy CoronaUITests.release.xcconfig */,
				3DD79C3D246594014A32778E /* Pods-Flappy CoronaTests.debug.xcconfig */,
				443DF3B8538C385F2ABA9FBA /* Pods-Flappy CoronaTests.release.xcconfig */,
			);
			path = Pods;
			sourceTree = "<group>";
		};
		AC59B51924A661DD00369F36 = {
			isa = PBXGroup;
			children = (
				AC59B52424A661DD00369F36 /* Syringe Jump */,
				AC59B53F24A661E000369F36 /* Syringe JumpTests */,
				AC59B54A24A661E000369F36 /* Syringe JumpUITests */,
				AC59B52324A661DD00369F36 /* Products */,
				0B91989F66E1336CD3C15313 /* Pods */,
				E9BA0651E93A8038486F9ABC /* Frameworks */,
			);
			sourceTree = "<group>";
		};
		AC59B52324A661DD00369F36 /* Products */ = {
			isa = PBXGroup;
			children = (
				AC59B52224A661DD00369F36 /* Syringe Jump.app */,
				AC59B53C24A661E000369F36 /* Syringe JumpTests.xctest */,
				AC59B54724A661E000369F36 /* Syringe JumpUITests.xctest */,
			);
			name = Products;
			sourceTree = "<group>";
		};
		AC59B52424A661DD00369F36 /* Syringe Jump */ = {
			isa = PBXGroup;
			children = (
				AC59B52524A661DD00369F36 /* AppDelegate.swift */,
				AC59B52724A661DD00369F36 /* GameScene.sks */,
				AC59B52924A661DD00369F36 /* Actions.sks */,
				AC59B52B24A661DD00369F36 /* GameScene.swift */,
				ACBCD5B524A6F06F0082A3B6 /* death.wav */,
				ACBCD5B424A6F06F0082A3B6 /* flap.wav */,
				AC59B52D24A661DD00369F36 /* GameViewController.swift */,
				ACBCD5B324A6F06F0082A3B6 /* pass.wav */,
				AC59B52F24A661DD00369F36 /* Main.storyboard */,
				AC59B53224A661E000369F36 /* Assets.xcassets */,
				AC59B53424A661E000369F36 /* LaunchScreen.storyboard */,
				AC59B53724A661E000369F36 /* Info.plist */,
			);
			path = "Syringe Jump";
			sourceTree = "<group>";
		};
		AC59B53F24A661E000369F36 /* Syringe JumpTests */ = {
			isa = PBXGroup;
			children = (
				AC59B54024A661E000369F36 /* Flappy_CoronaTests.swift */,
				AC59B54224A661E000369F36 /* Info.plist */,
			);
			path = "Syringe JumpTests";
			sourceTree = "<group>";
		};
		AC59B54A24A661E000369F36 /* Syringe JumpUITests */ = {
			isa = PBXGroup;
			children = (
				AC59B54B24A661E000369F36 /* Flappy_CoronaUITests.swift */,
				AC59B54D24A661E000369F36 /* Info.plist */,
			);
			path = "Syringe JumpUITests";
			sourceTree = "<group>";
		};
		E9BA0651E93A8038486F9ABC /* Frameworks */ = {
			isa = PBXGroup;
			children = (
				DA6D9A79017E8D92005A0893 /* Pods_Flappy_Corona.framework */,
				6FEFA5E38F7B17ECBED3F730 /* Pods_Flappy_Corona_Flappy_CoronaUITests.framework */,
				E7528D0CE34E1CAF472BCE6E /* Pods_Flappy_CoronaTests.framework */,
			);
			name = Frameworks;
			sourceTree = "<group>";
		};
/* End PBXGroup section */

/* Begin PBXNativeTarget section */
		AC59B52124A661DD00369F36 /* Syringe Jump */ = {
			isa = PBXNativeTarget;
			buildConfigurationList = AC59B55024A661E000369F36 /* Build configuration list for PBXNativeTarget "Syringe Jump" */;
			buildPhases = (
				D6794DED4E7D6DE913A9F622 /* [CP] Check Pods Manifest.lock */,
				AC59B51E24A661DD00369F36 /* Sources */,
				AC59B51F24A661DD00369F36 /* Frameworks */,
				AC59B52024A661DD00369F36 /* Resources */,
				31281C758021B5761C68C824 /* [CP] Embed Pods Frameworks */,
			);
			buildRules = (
			);
			dependencies = (
			);
			name = "Syringe Jump";
			productName = "Flappy Corona";
			productReference = AC59B52224A661DD00369F36 /* Syringe Jump.app */;
			productType = "com.apple.product-type.application";
		};
		AC59B53B24A661E000369F36 /* Syringe JumpTests */ = {
			isa = PBXNativeTarget;
			buildConfigurationList = AC59B55324A661E000369F36 /* Build configuration list for PBXNativeTarget "Syringe JumpTests" */;
			buildPhases = (
				BDE0D7B26A71D180EA69EAA1 /* [CP] Check Pods Manifest.lock */,
				AC59B53824A661E000369F36 /* Sources */,
				AC59B53924A661E000369F36 /* Frameworks */,
				AC59B53A24A661E000369F36 /* Resources */,
			);
			buildRules = (
			);
			dependencies = (
				AC59B53E24A661E000369F36 /* PBXTargetDependency */,
			);
			name = "Syringe JumpTests";
			productName = "Flappy CoronaTests";
			productReference = AC59B53C24A661E000369F36 /* Syringe JumpTests.xctest */;
			productType = "com.apple.product-type.bundle.unit-test";
		};
		AC59B54624A661E000369F36 /* Syringe JumpUITests */ = {
			isa = PBXNativeTarget;
			buildConfigurationList = AC59B55624A661E000369F36 /* Build configuration list for PBXNativeTarget "Syringe JumpUITests" */;
			buildPhases = (
				936E413094D159CF297F2A93 /* [CP] Check Pods Manifest.lock */,
				AC59B54324A661E000369F36 /* Sources */,
				AC59B54424A661E000369F36 /* Frameworks */,
				AC59B54524A661E000369F36 /* Resources */,
				C8245C380E08CA546A49F12A /* [CP] Embed Pods Frameworks */,
			);
			buildRules = (
			);
			dependencies = (
				AC59B54924A661E000369F36 /* PBXTargetDependency */,
			);
			name = "Syringe JumpUITests";
			productName = "Flappy CoronaUITests";
			productReference = AC59B54724A661E000369F36 /* Syringe JumpUITests.xctest */;
			productType = "com.apple.product-type.bundle.ui-testing";
		};
/* End PBXNativeTarget section */

/* Begin PBXProject section */
		AC59B51A24A661DD00369F36 /* Project object */ = {
			isa = PBXProject;
			attributes = {
				LastSwiftUpdateCheck = 1150;
				LastUpgradeCheck = 1150;
				ORGANIZATIONNAME = "Mert Pişmişoğlu";
				TargetAttributes = {
					AC59B52124A661DD00369F36 = {
						CreatedOnToolsVersion = 11.5;
					};
					AC59B53B24A661E000369F36 = {
						CreatedOnToolsVersion = 11.5;
						TestTargetID = AC59B52124A661DD00369F36;
					};
					AC59B54624A661E000369F36 = {
						CreatedOnToolsVersion = 11.5;
						TestTargetID = AC59B52124A661DD00369F36;
					};
				};
			};
			buildConfigurationList = AC59B51D24A661DD00369F36 /* Build configuration list for PBXProject "Syringe Jump" */;
			compatibilityVersion = "Xcode 9.3";
			developmentRegion = en;
			hasScannedForEncodings = 0;
			knownRegions = (
				en,
				Base,
			);
			mainGroup = AC59B51924A661DD00369F36;
			productRefGroup = AC59B52324A661DD00369F36 /* Products */;
			projectDirPath = "";
			projectRoot = "";
			targets = (
				AC59B52124A661DD00369F36 /* Syringe Jump */,
				AC59B53B24A661E000369F36 /* Syringe JumpTests */,
				AC59B54624A661E000369F36 /* Syringe JumpUITests */,
			);
		};
/* End PBXProject section */

/* Begin PBXResourcesBuildPhase section */
		AC59B52024A661DD00369F36 /* Resources */ = {
			isa = PBXResourcesBuildPhase;
			buildActionMask = 2147483647;
			files = (
				AC59B53124A661DD00369F36 /* Main.storyboard in Resources */,
				AC59B52824A661DD00369F36 /* GameScene.sks in Resources */,
				AC59B53324A661E000369F36 /* Assets.xcassets in Resources */,
				ACBCD5B824A6F06F0082A3B6 /* death.wav in Resources */,
				ACBCD5B624A6F06F0082A3B6 /* pass.wav in Resources */,
				AC59B53624A661E000369F36 /* LaunchScreen.storyboard in Resources */,
				AC59B52A24A661DD00369F36 /* Actions.sks in Resources */,
				ACBCD5B724A6F06F0082A3B6 /* flap.wav in Resources */,
			);
			runOnlyForDeploymentPostprocessing = 0;
		};
		AC59B53A24A661E000369F36 /* Resources */ = {
			isa = PBXResourcesBuildPhase;
			buildActionMask = 2147483647;
			files = (
			);
			runOnlyForDeploymentPostprocessing = 0;
		};
		AC59B54524A661E000369F36 /* Resources */ = {
			isa = PBXResourcesBuildPhase;
			buildActionMask = 2147483647;
			files = (
			);
			runOnlyForDeploymentPostprocessing = 0;
		};
/* End PBXResourcesBuildPhase section */

/* Begin PBXShellScriptBuildPhase section */
		31281C758021B5761C68C824 /* [CP] Embed Pods Frameworks */ = {
			isa = PBXShellScriptBuildPhase;
			buildActionMask = 2147483647;
			files = (
			);
			inputFileListPaths = (
				"${PODS_ROOT}/Target Support Files/Pods-Flappy Corona/Pods-Flappy Corona-frameworks-${CONFIGURATION}-input-files.xcfilelist",
			);
			name = "[CP] Embed Pods Frameworks";
			outputFileListPaths = (
				"${PODS_ROOT}/Target Support Files/Pods-Flappy Corona/Pods-Flappy Corona-frameworks-${CONFIGURATION}-output-files.xcfilelist",
			);
			runOnlyForDeploymentPostprocessing = 0;
			shellPath = /bin/sh;
			shellScript = "\"${PODS_ROOT}/Target Support Files/Pods-Flappy Corona/Pods-Flappy Corona-frameworks.sh\"\n";
			showEnvVarsInLog = 0;
		};
		936E413094D159CF297F2A93 /* [CP] Check Pods Manifest.lock */ = {
			isa = PBXShellScriptBuildPhase;
			buildActionMask = 2147483647;
			files = (
			);
			inputFileListPaths = (
			);
			inputPaths = (
				"${PODS_PODFILE_DIR_PATH}/Podfile.lock",
				"${PODS_ROOT}/Manifest.lock",
			);
			name = "[CP] Check Pods Manifest.lock";
			outputFileListPaths = (
			);
			outputPaths = (
				"$(DERIVED_FILE_DIR)/Pods-Flappy Corona-Flappy CoronaUITests-checkManifestLockResult.txt",
			);
			runOnlyForDeploymentPostprocessing = 0;
			shellPath = /bin/sh;
			shellScript = "diff \"${PODS_PODFILE_DIR_PATH}/Podfile.lock\" \"${PODS_ROOT}/Manifest.lock\" > /dev/null\nif [ $? != 0 ] ; then\n    # print error to STDERR\n    echo \"error: The sandbox is not in sync with the Podfile.lock. Run 'pod install' or update your CocoaPods installation.\" >&2\n    exit 1\nfi\n# This output is used by Xcode 'outputs' to avoid re-running this script phase.\necho \"SUCCESS\" > \"${SCRIPT_OUTPUT_FILE_0}\"\n";
			showEnvVarsInLog = 0;
		};
		BDE0D7B26A71D180EA69EAA1 /* [CP] Check Pods Manifest.lock */ = {
			isa = PBXShellScriptBuildPhase;
			buildActionMask = 2147483647;
			files = (
			);
			inputFileListPaths = (
			);
			inputPaths = (
				"${PODS_PODFILE_DIR_PATH}/Podfile.lock",
				"${PODS_ROOT}/Manifest.lock",
			);
			name = "[CP] Check Pods Manifest.lock";
			outputFileListPaths = (
			);
			outputPaths = (
				"$(DERIVED_FILE_DIR)/Pods-Flappy CoronaTests-checkManifestLockResult.txt",
			);
			runOnlyForDeploymentPostprocessing = 0;
			shellPath = /bin/sh;
			shellScript = "diff \"${PODS_PODFILE_DIR_PATH}/Podfile.lock\" \"${PODS_ROOT}/Manifest.lock\" > /dev/null\nif [ $? != 0 ] ; then\n    # print error to STDERR\n    echo \"error: The sandbox is not in sync with the Podfile.lock. Run 'pod install' or update your CocoaPods installation.\" >&2\n    exit 1\nfi\n# This output is used by Xcode 'outputs' to avoid re-running this script phase.\necho \"SUCCESS\" > \"${SCRIPT_OUTPUT_FILE_0}\"\n";
			showEnvVarsInLog = 0;
		};
		C8245C380E08CA546A49F12A /* [CP] Embed Pods Frameworks */ = {
			isa = PBXShellScriptBuildPhase;
			buildActionMask = 2147483647;
			files = (
			);
			inputFileListPaths = (
				"${PODS_ROOT}/Target Support Files/Pods-Flappy Corona-Flappy CoronaUITests/Pods-Flappy Corona-Flappy CoronaUITests-frameworks-${CONFIGURATION}-input-files.xcfilelist",
			);
			name = "[CP] Embed Pods Frameworks";
			outputFileListPaths = (
				"${PODS_ROOT}/Target Support Files/Pods-Flappy Corona-Flappy CoronaUITests/Pods-Flappy Corona-Flappy CoronaUITests-frameworks-${CONFIGURATION}-output-files.xcfilelist",
			);
			runOnlyForDeploymentPostprocessing = 0;
			shellPath = /bin/sh;
			shellScript = "\"${PODS_ROOT}/Target Support Files/Pods-Flappy Corona-Flappy CoronaUITests/Pods-Flappy Corona-Flappy CoronaUITests-frameworks.sh\"\n";
			showEnvVarsInLog = 0;
		};
		D6794DED4E7D6DE913A9F622 /* [CP] Check Pods Manifest.lock */ = {
			isa = PBXShellScriptBuildPhase;
			buildActionMask = 2147483647;
			files = (
			);
			inputFileListPaths = (
			);
			inputPaths = (
				"${PODS_PODFILE_DIR_PATH}/Podfile.lock",
				"${PODS_ROOT}/Manifest.lock",
			);
			name = "[CP] Check Pods Manifest.lock";
			outputFileListPaths = (
			);
			outputPaths = (
				"$(DERIVED_FILE_DIR)/Pods-Flappy Corona-checkManifestLockResult.txt",
			);
			runOnlyForDeploymentPostprocessing = 0;
			shellPath = /bin/sh;
			shellScript = "diff \"${PODS_PODFILE_DIR_PATH}/Podfile.lock\" \"${PODS_ROOT}/Manifest.lock\" > /dev/null\nif [ $? != 0 ] ; then\n    # print error to STDERR\n    echo \"error: The sandbox is not in sync with the Podfile.lock. Run 'pod install' or update your CocoaPods installation.\" >&2\n    exit 1\nfi\n# This output is used by Xcode 'outputs' to avoid re-running this script phase.\necho \"SUCCESS\" > \"${SCRIPT_OUTPUT_FILE_0}\"\n";
			showEnvVarsInLog = 0;
		};
/* End PBXShellScriptBuildPhase section */

/* Begin PBXSourcesBuildPhase section */
		AC59B51E24A661DD00369F36 /* Sources */ = {
			isa = PBXSourcesBuildPhase;
			buildActionMask = 2147483647;
			files = (
				AC59B52C24A661DD00369F36 /* GameScene.swift in Sources */,
				AC59B52E24A661DD00369F36 /* GameViewController.swift in Sources */,
				AC59B52624A661DD00369F36 /* AppDelegate.swift in Sources */,
			);
			runOnlyForDeploymentPostprocessing = 0;
		};
		AC59B53824A661E000369F36 /* Sources */ = {
			isa = PBXSourcesBuildPhase;
			buildActionMask = 2147483647;
			files = (
				AC59B54124A661E000369F36 /* Flappy_CoronaTests.swift in Sources */,
			);
			runOnlyForDeploymentPostprocessing = 0;
		};
		AC59B54324A661E000369F36 /* Sources */ = {
			isa = PBXSourcesBuildPhase;
			buildActionMask = 2147483647;
			files = (
				AC59B54C24A661E000369F36 /* Flappy_CoronaUITests.swift in Sources */,
			);
			runOnlyForDeploymentPostprocessing = 0;
		};
/* End PBXSourcesBuildPhase section */

/* Begin PBXTargetDependency section */
		AC59B53E24A661E000369F36 /* PBXTargetDependency */ = {
			isa = PBXTargetDependency;
			target = AC59B52124A661DD00369F36 /* Syringe Jump */;
			targetProxy = AC59B53D24A661E000369F36 /* PBXContainerItemProxy */;
		};
		AC59B54924A661E000369F36 /* PBXTargetDependency */ = {
			isa = PBXTargetDependency;
			target = AC59B52124A661DD00369F36 /* Syringe Jump */;
			targetProxy = AC59B54824A661E000369F36 /* PBXContainerItemProxy */;
		};
/* End PBXTargetDependency section */

/* Begin PBXVariantGroup section */
		AC59B52F24A661DD00369F36 /* Main.storyboard */ = {
			isa = PBXVariantGroup;
			children = (
				AC59B53024A661DD00369F36 /* Base */,
			);
			name = Main.storyboard;
			sourceTree = "<group>";
		};
		AC59B53424A661E000369F36 /* LaunchScreen.storyboard */ = {
			isa = PBXVariantGroup;
			children = (
				AC59B53524A661E000369F36 /* Base */,
			);
			name = LaunchScreen.storyboard;
			sourceTree = "<group>";
		};
/* End PBXVariantGroup section */

/* Begin XCBuildConfiguration section */
		AC59B54E24A661E000369F36 /* Debug */ = {
			isa = XCBuildConfiguration;
			buildSettings = {
				ALWAYS_SEARCH_USER_PATHS = NO;
				CLANG_ANALYZER_NONNULL = YES;
				CLANG_ANALYZER_NUMBER_OBJECT_CONVERSION = YES_AGGRESSIVE;
				CLANG_CXX_LANGUAGE_STANDARD = "gnu++14";
				CLANG_CXX_LIBRARY = "libc++";
				CLANG_ENABLE_MODULES = YES;
				CLANG_ENABLE_OBJC_ARC = YES;
				CLANG_ENABLE_OBJC_WEAK = YES;
				CLANG_WARN_BLOCK_CAPTURE_AUTORELEASING = YES;
				CLANG_WARN_BOOL_CONVERSION = YES;
				CLANG_WARN_COMMA = YES;
				CLANG_WARN_CONSTANT_CONVERSION = YES;
				CLANG_WARN_DEPRECATED_OBJC_IMPLEMENTATIONS = YES;
				CLANG_WARN_DIRECT_OBJC_ISA_USAGE = YES_ERROR;
				CLANG_WARN_DOCUMENTATION_COMMENTS = YES;
				CLANG_WARN_EMPTY_BODY = YES;
				CLANG_WARN_ENUM_CONVERSION = YES;
				CLANG_WARN_INFINITE_RECURSION = YES;
				CLANG_WARN_INT_CONVERSION = YES;
				CLANG_WARN_NON_LITERAL_NULL_CONVERSION = YES;
				CLANG_WARN_OBJC_IMPLICIT_RETAIN_SELF = YES;
				CLANG_WARN_OBJC_LITERAL_CONVERSION = YES;
				CLANG_WARN_OBJC_ROOT_CLASS = YES_ERROR;
				CLANG_WARN_RANGE_LOOP_ANALYSIS = YES;
				CLANG_WARN_STRICT_PROTOTYPES = YES;
				CLANG_WARN_SUSPICIOUS_MOVE = YES;
				CLANG_WARN_UNGUARDED_AVAILABILITY = YES_AGGRESSIVE;
				CLANG_WARN_UNREACHABLE_CODE = YES;
				CLANG_WARN__DUPLICATE_METHOD_MATCH = YES;
				COPY_PHASE_STRIP = NO;
				DEBUG_INFORMATION_FORMAT = dwarf;
				ENABLE_STRICT_OBJC_MSGSEND = YES;
				ENABLE_TESTABILITY = YES;
				GCC_C_LANGUAGE_STANDARD = gnu11;
				GCC_DYNAMIC_NO_PIC = NO;
				GCC_NO_COMMON_BLOCKS = YES;
				GCC_OPTIMIZATION_LEVEL = 0;
				GCC_PREPROCESSOR_DEFINITIONS = (
					"DEBUG=1",
					"$(inherited)",
				);
				GCC_WARN_64_TO_32_BIT_CONVERSION = YES;
				GCC_WARN_ABOUT_RETURN_TYPE = YES_ERROR;
				GCC_WARN_UNDECLARED_SELECTOR = YES;
				GCC_WARN_UNINITIALIZED_AUTOS = YES_AGGRESSIVE;
				GCC_WARN_UNUSED_FUNCTION = YES;
				GCC_WARN_UNUSED_VARIABLE = YES;
				IPHONEOS_DEPLOYMENT_TARGET = 11.3;
				MTL_ENABLE_DEBUG_INFO = INCLUDE_SOURCE;
				MTL_FAST_MATH = YES;
				ONLY_ACTIVE_ARCH = YES;
				SDKROOT = iphoneos;
				SWIFT_ACTIVE_COMPILATION_CONDITIONS = DEBUG;
				SWIFT_OPTIMIZATION_LEVEL = "-Onone";
			};
			name = Debug;
		};
		AC59B54F24A661E000369F36 /* Release */ = {
			isa = XCBuildConfiguration;
			buildSettings = {
				ALWAYS_SEARCH_USER_PATHS = NO;
				CLANG_ANALYZER_NONNULL = YES;
				CLANG_ANALYZER_NUMBER_OBJECT_CONVERSION = YES_AGGRESSIVE;
				CLANG_CXX_LANGUAGE_STANDARD = "gnu++14";
				CLANG_CXX_LIBRARY = "libc++";
				CLANG_ENABLE_MODULES = YES;
				CLANG_ENABLE_OBJC_ARC = YES;
				CLANG_ENABLE_OBJC_WEAK = YES;
				CLANG_WARN_BLOCK_CAPTURE_AUTORELEASING = YES;
				CLANG_WARN_BOOL_CONVERSION = YES;
				CLANG_WARN_COMMA = YES;
				CLANG_WARN_CONSTANT_CONVERSION = YES;
				CLANG_WARN_DEPRECATED_OBJC_IMPLEMENTATIONS = YES;
				CLANG_WARN_DIRECT_OBJC_ISA_USAGE = YES_ERROR;
				CLANG_WARN_DOCUMENTATION_COMMENTS = YES;
				CLANG_WARN_EMPTY_BODY = YES;
				CLANG_WARN_ENUM_CONVERSION = YES;
				CLANG_WARN_INFINITE_RECURSION = YES;
				CLANG_WARN_INT_CONVERSION = YES;
				CLANG_WARN_NON_LITERAL_NULL_CONVERSION = YES;
				CLANG_WARN_OBJC_IMPLICIT_RETAIN_SELF = YES;
				CLANG_WARN_OBJC_LITERAL_CONVERSION = YES;
				CLANG_WARN_OBJC_ROOT_CLASS = YES_ERROR;
				CLANG_WARN_RANGE_LOOP_ANALYSIS = YES;
				CLANG_WARN_STRICT_PROTOTYPES = YES;
				CLANG_WARN_SUSPICIOUS_MOVE = YES;
				CLANG_WARN_UNGUARDED_AVAILABILITY = YES_AGGRESSIVE;
				CLANG_WARN_UNREACHABLE_CODE = YES;
				CLANG_WARN__DUPLICATE_METHOD_MATCH = YES;
				COPY_PHASE_STRIP = NO;
				DEBUG_INFORMATION_FORMAT = "dwarf-with-dsym";
				ENABLE_NS_ASSERTIONS = NO;
				ENABLE_STRICT_OBJC_MSGSEND = YES;
				GCC_C_LANGUAGE_STANDARD = gnu11;
				GCC_NO_COMMON_BLOCKS = YES;
				GCC_WARN_64_TO_32_BIT_CONVERSION = YES;
				GCC_WARN_ABOUT_RETURN_TYPE = YES_ERROR;
				GCC_WARN_UNDECLARED_SELECTOR = YES;
				GCC_WARN_UNINITIALIZED_AUTOS = YES_AGGRESSIVE;
				GCC_WARN_UNUSED_FUNCTION = YES;
				GCC_WARN_UNUSED_VARIABLE = YES;
				IPHONEOS_DEPLOYMENT_TARGET = 11.3;
				MTL_ENABLE_DEBUG_INFO = NO;
				MTL_FAST_MATH = YES;
				SDKROOT = iphoneos;
				SWIFT_COMPILATION_MODE = wholemodule;
				SWIFT_OPTIMIZATION_LEVEL = "-O";
				VALIDATE_PRODUCT = YES;
			};
			name = Release;
		};
		AC59B55124A661E000369F36 /* Debug */ = {
			isa = XCBuildConfiguration;
			baseConfigurationReference = 1319E4C52EB1516B52AD5AE9 /* Pods-Flappy Corona.debug.xcconfig */;
			buildSettings = {
				ASSETCATALOG_COMPILER_APPICON_NAME = AppIcon;
				CODE_SIGN_STYLE = Automatic;
				DEVELOPMENT_TEAM = 3TAQ3RWTX2;
				INFOPLIST_FILE = "Syringe Jump/Info.plist";
				IPHONEOS_DEPLOYMENT_TARGET = 11.3;
				LD_RUNPATH_SEARCH_PATHS = (
					"$(inherited)",
					"@executable_path/Frameworks",
				);
				MARKETING_VERSION = 1.3;
				PRODUCT_BUNDLE_IDENTIFIER = "mp.Syringe-Jump";
				PRODUCT_NAME = "Syringe Jump";
				SWIFT_VERSION = 5.0;
				TARGETED_DEVICE_FAMILY = "1,2";
			};
			name = Debug;
		};
		AC59B55224A661E000369F36 /* Release */ = {
			isa = XCBuildConfiguration;
			baseConfigurationReference = 931C416C3AC2D92217E849FE /* Pods-Flappy Corona.release.xcconfig */;
			buildSettings = {
				ASSETCATALOG_COMPILER_APPICON_NAME = AppIcon;
				CODE_SIGN_STYLE = Automatic;
				DEVELOPMENT_TEAM = 3TAQ3RWTX2;
				INFOPLIST_FILE = "Syringe Jump/Info.plist";
				IPHONEOS_DEPLOYMENT_TARGET = 11.3;
				LD_RUNPATH_SEARCH_PATHS = (
					"$(inherited)",
					"@executable_path/Frameworks",
				);
				MARKETING_VERSION = 1.3;
				PRODUCT_BUNDLE_IDENTIFIER = "mp.Syringe-Jump";
				PRODUCT_NAME = "Syringe Jump";
				SWIFT_VERSION = 5.0;
				TARGETED_DEVICE_FAMILY = "1,2";
			};
			name = Release;
		};
		AC59B55424A661E000369F36 /* Debug */ = {
			isa = XCBuildConfiguration;
			baseConfigurationReference = 3DD79C3D246594014A32778E /* Pods-Flappy CoronaTests.debug.xcconfig */;
			buildSettings = {
				ALWAYS_EMBED_SWIFT_STANDARD_LIBRARIES = YES;
				BUNDLE_LOADER = "$(TEST_HOST)";
				CODE_SIGN_STYLE = Automatic;
				DEVELOPMENT_TEAM = 3TAQ3RWTX2;
				INFOPLIST_FILE = SyrTests/Info.plist;
				IPHONEOS_DEPLOYMENT_TARGET = 13.5;
				LD_RUNPATH_SEARCH_PATHS = (
					"$(inherited)",
					"@executable_path/Frameworks",
					"@loader_path/Frameworks",
				);
				PRODUCT_BUNDLE_IDENTIFIER = "mp.Flappy-CoronaTests";
				PRODUCT_NAME = "$(TARGET_NAME)";
				SWIFT_VERSION = 5.0;
				TARGETED_DEVICE_FAMILY = "1,2";
				TEST_HOST = "$(BUILT_PRODUCTS_DIR)/Syringe Jump.app/Syringe Jump";
			};
			name = Debug;
		};
		AC59B55524A661E000369F36 /* Release */ = {
			isa = XCBuildConfiguration;
			baseConfigurationReference = 443DF3B8538C385F2ABA9FBA /* Pods-Flappy CoronaTests.release.xcconfig */;
			buildSettings = {
				ALWAYS_EMBED_SWIFT_STANDARD_LIBRARIES = YES;
				BUNDLE_LOADER = "$(TEST_HOST)";
				CODE_SIGN_STYLE = Automatic;
				DEVELOPMENT_TEAM = 3TAQ3RWTX2;
				INFOPLIST_FILE = SyrTests/Info.plist;
				IPHONEOS_DEPLOYMENT_TARGET = 13.5;
				LD_RUNPATH_SEARCH_PATHS = (
					"$(inherited)",
					"@executable_path/Frameworks",
					"@loader_path/Frameworks",
				);
				PRODUCT_BUNDLE_IDENTIFIER = "mp.Flappy-CoronaTests";
				PRODUCT_NAME = "$(TARGET_NAME)";
				SWIFT_VERSION = 5.0;
				TARGETED_DEVICE_FAMILY = "1,2";
				TEST_HOST = "$(BUILT_PRODUCTS_DIR)/Syringe Jump.app/Syringe Jump";
			};
			name = Release;
		};
		AC59B55724A661E000369F36 /* Debug */ = {
			isa = XCBuildConfiguration;
			baseConfigurationReference = 5A7C2F8B6E677F04F6D893AC /* Pods-Flappy Corona-Flappy CoronaUITests.debug.xcconfig */;
			buildSettings = {
				ALWAYS_EMBED_SWIFT_STANDARD_LIBRARIES = YES;
				CODE_SIGN_STYLE = Automatic;
				DEVELOPMENT_TEAM = 3TAQ3RWTX2;
				INFOPLIST_FILE = "Flappy CoronaUITests/Info.plist";
				LD_RUNPATH_SEARCH_PATHS = (
					"$(inherited)",
					"@executable_path/Frameworks",
					"@loader_path/Frameworks",
				);
				PRODUCT_BUNDLE_IDENTIFIER = "mp.Flappy-CoronaUITests";
				PRODUCT_NAME = "$(TARGET_NAME)";
				SWIFT_VERSION = 5.0;
				TARGETED_DEVICE_FAMILY = "1,2";
				TEST_TARGET_NAME = "Flappy Corona";
			};
			name = Debug;
		};
		AC59B55824A661E000369F36 /* Release */ = {
			isa = XCBuildConfiguration;
			baseConfigurationReference = B3E6FB4C876A0C98F072DEFB /* Pods-Flappy Corona-Flappy CoronaUITests.release.xcconfig */;
			buildSettings = {
				ALWAYS_EMBED_SWIFT_STANDARD_LIBRARIES = YES;
				CODE_SIGN_STYLE = Automatic;
				DEVELOPMENT_TEAM = 3TAQ3RWTX2;
				INFOPLIST_FILE = "Flappy CoronaUITests/Info.plist";
				LD_RUNPATH_SEARCH_PATHS = (
					"$(inherited)",
					"@executable_path/Frameworks",
					"@loader_path/Frameworks",
				);
				PRODUCT_BUNDLE_IDENTIFIER = "mp.Flappy-CoronaUITests";
				PRODUCT_NAME = "$(TARGET_NAME)";
				SWIFT_VERSION = 5.0;
				TARGETED_DEVICE_FAMILY = "1,2";
				TEST_TARGET_NAME = "Flappy Corona";
			};
			name = Release;
		};
/* End XCBuildConfiguration section */

/* Begin XCConfigurationList section */
		AC59B51D24A661DD00369F36 /* Build configuration list for PBXProject "Syringe Jump" */ = {
			isa = XCConfigurationList;
			buildConfigurations = (
				AC59B54E24A661E000369F36 /* Debug */,
				AC59B54F24A661E000369F36 /* Release */,
			);
			defaultConfigurationIsVisible = 0;
			defaultConfigurationName = Release;
		};
		AC59B55024A661E000369F36 /* Build configuration list for PBXNativeTarget "Syringe Jump" */ = {
			isa = XCConfigurationList;
			buildConfigurations = (
				AC59B55124A661E000369F36 /* Debug */,
				AC59B55224A661E000369F36 /* Release */,
			);
			defaultConfigurationIsVisible = 0;
			defaultConfigurationName = Release;
		};
		AC59B55324A661E000369F36 /* Build configuration list for PBXNativeTarget "Syringe JumpTests" */ = {
			isa = XCConfigurationList;
			buildConfigurations = (
				AC59B55424A661E000369F36 /* Debug */,
				AC59B55524A661E000369F36 /* Release */,
			);
			defaultConfigurationIsVisible = 0;
			defaultConfigurationName = Release;
		};
		AC59B55624A661E000369F36 /* Build configuration list for PBXNativeTarget "Syringe JumpUITests" */ = {
			isa = XCConfigurationList;
			buildConfigurations = (
				AC59B55724A661E000369F36 /* Debug */,
				AC59B55824A661E000369F36 /* Release */,
			);
			defaultConfigurationIsVisible = 0;
			defaultConfigurationName = Release;
		};
/* End XCConfigurationList section */
	};
	rootObject = AC59B51A24A661DD00369F36 /* Project object */;
}
